// !$*UTF8*$!
{
	archiveVersion = 1;
	classes = {
	};
	objectVersion = 46;
	objects = {

/* Begin PBXBuildFile section */
		04A548E519B458F90050067D /* Foundation.framework in Frameworks */ = {isa = PBXBuildFile; fileRef = 04A548E419B458F90050067D /* Foundation.framework */; };
		04A548E719B458F90050067D /* CoreGraphics.framework in Frameworks */ = {isa = PBXBuildFile; fileRef = 04A548E619B458F90050067D /* CoreGraphics.framework */; };
		04A548E919B458F90050067D /* UIKit.framework in Frameworks */ = {isa = PBXBuildFile; fileRef = 04A548E819B458F90050067D /* UIKit.framework */; };
		04A548EF19B458F90050067D /* InfoPlist.strings in Resources */ = {isa = PBXBuildFile; fileRef = 04A548ED19B458F90050067D /* InfoPlist.strings */; };
		04A548F119B458F90050067D /* main.m in Sources */ = {isa = PBXBuildFile; fileRef = 04A548F019B458F90050067D /* main.m */; };
		04A548F519B458F90050067D /* AppDelegate.m in Sources */ = {isa = PBXBuildFile; fileRef = 04A548F419B458F90050067D /* AppDelegate.m */; };
		04A548F819B458F90050067D /* Main.storyboard in Resources */ = {isa = PBXBuildFile; fileRef = 04A548F619B458F90050067D /* Main.storyboard */; };
		04A548FB19B458F90050067D /* ViewController.m in Sources */ = {isa = PBXBuildFile; fileRef = 04A548FA19B458F90050067D /* ViewController.m */; };
		04A548FD19B458F90050067D /* Images.xcassets in Resources */ = {isa = PBXBuildFile; fileRef = 04A548FC19B458F90050067D /* Images.xcassets */; };
		04A5490419B458F90050067D /* XCTest.framework in Frameworks */ = {isa = PBXBuildFile; fileRef = 04A5490319B458F90050067D /* XCTest.framework */; };
		04A5490519B458F90050067D /* Foundation.framework in Frameworks */ = {isa = PBXBuildFile; fileRef = 04A548E419B458F90050067D /* Foundation.framework */; };
		04A5490619B458F90050067D /* UIKit.framework in Frameworks */ = {isa = PBXBuildFile; fileRef = 04A548E819B458F90050067D /* UIKit.framework */; };
		04A5490E19B458F90050067D /* InfoPlist.strings in Resources */ = {isa = PBXBuildFile; fileRef = 04A5490C19B458F90050067D /* InfoPlist.strings */; };
		04A5491019B458F90050067D /* ColourMemoryTests.m in Sources */ = {isa = PBXBuildFile; fileRef = 04A5490F19B458F90050067D /* ColourMemoryTests.m */; };
		04A5492319B459D10050067D /* card_bg@2x.png in Resources */ = {isa = PBXBuildFile; fileRef = 04A5491A19B459D10050067D /* card_bg@2x.png */; };
		04A5492419B459D10050067D /* colour1@2x.png in Resources */ = {isa = PBXBuildFile; fileRef = 04A5491B19B459D10050067D /* colour1@2x.png */; };
		04A5492519B459D10050067D /* colour2@2x.png in Resources */ = {isa = PBXBuildFile; fileRef = 04A5491C19B459D10050067D /* colour2@2x.png */; };
		04A5492619B459D10050067D /* colour3@2x.png in Resources */ = {isa = PBXBuildFile; fileRef = 04A5491D19B459D10050067D /* colour3@2x.png */; };
		04A5492719B459D10050067D /* colour4@2x.png in Resources */ = {isa = PBXBuildFile; fileRef = 04A5491E19B459D10050067D /* colour4@2x.png */; };
		04A5492819B459D10050067D /* colour5@2x.png in Resources */ = {isa = PBXBuildFile; fileRef = 04A5491F19B459D10050067D /* colour5@2x.png */; };
		04A5492919B459D10050067D /* colour6@2x.png in Resources */ = {isa = PBXBuildFile; fileRef = 04A5492019B459D10050067D /* colour6@2x.png */; };
		04A5492A19B459D10050067D /* colour7@2x.png in Resources */ = {isa = PBXBuildFile; fileRef = 04A5492119B459D10050067D /* colour7@2x.png */; };
		04A5492B19B459D10050067D /* colour8@2x.png in Resources */ = {isa = PBXBuildFile; fileRef = 04A5492219B459D10050067D /* colour8@2x.png */; };
		04A5493519B459D80050067D /* card_bg.png in Resources */ = {isa = PBXBuildFile; fileRef = 04A5492C19B459D80050067D /* card_bg.png */; };
		04A5493619B459D80050067D /* colour1.png in Resources */ = {isa = PBXBuildFile; fileRef = 04A5492D19B459D80050067D /* colour1.png */; };
		04A5493719B459D80050067D /* colour2.png in Resources */ = {isa = PBXBuildFile; fileRef = 04A5492E19B459D80050067D /* colour2.png */; };
		04A5493819B459D80050067D /* colour3.png in Resources */ = {isa = PBXBuildFile; fileRef = 04A5492F19B459D80050067D /* colour3.png */; };
		04A5493919B459D80050067D /* colour4.png in Resources */ = {isa = PBXBuildFile; fileRef = 04A5493019B459D80050067D /* colour4.png */; };
		04A5493A19B459D80050067D /* colour5.png in Resources */ = {isa = PBXBuildFile; fileRef = 04A5493119B459D80050067D /* colour5.png */; };
		04A5493B19B459D80050067D /* colour6.png in Resources */ = {isa = PBXBuildFile; fileRef = 04A5493219B459D80050067D /* colour6.png */; };
		04A5493C19B459D80050067D /* colour7.png in Resources */ = {isa = PBXBuildFile; fileRef = 04A5493319B459D80050067D /* colour7.png */; };
		04A5493D19B459D80050067D /* colour8.png in Resources */ = {isa = PBXBuildFile; fileRef = 04A5493419B459D80050067D /* colour8.png */; };
		04A5495B19B45C060050067D /* Icon-40.png in Resources */ = {isa = PBXBuildFile; fileRef = 04A5494D19B45C060050067D /* Icon-40.png */; };
		04A5495C19B45C060050067D /* Icon-40@2x.png in Resources */ = {isa = PBXBuildFile; fileRef = 04A5494E19B45C060050067D /* Icon-40@2x.png */; };
		04A5495D19B45C060050067D /* Icon-60.png in Resources */ = {isa = PBXBuildFile; fileRef = 04A5494F19B45C060050067D /* Icon-60.png */; };
		04A5495E19B45C060050067D /* Icon-60@2x.png in Resources */ = {isa = PBXBuildFile; fileRef = 04A5495019B45C060050067D /* Icon-60@2x.png */; };
		04A5495F19B45C060050067D /* Icon-72.png in Resources */ = {isa = PBXBuildFile; fileRef = 04A5495119B45C060050067D /* Icon-72.png */; };
		04A5496019B45C060050067D /* Icon-72@2x.png in Resources */ = {isa = PBXBuildFile; fileRef = 04A5495219B45C060050067D /* Icon-72@2x.png */; };
		04A5496119B45C060050067D /* Icon-76.png in Resources */ = {isa = PBXBuildFile; fileRef = 04A5495319B45C060050067D /* Icon-76.png */; };
		04A5496219B45C060050067D /* Icon-76@2x.png in Resources */ = {isa = PBXBuildFile; fileRef = 04A5495419B45C060050067D /* Icon-76@2x.png */; };
		04A5496319B45C060050067D /* Icon-Small-50.png in Resources */ = {isa = PBXBuildFile; fileRef = 04A5495519B45C060050067D /* Icon-Small-50.png */; };
		04A5496419B45C060050067D /* Icon-Small-50@2x.png in Resources */ = {isa = PBXBuildFile; fileRef = 04A5495619B45C060050067D /* Icon-Small-50@2x.png */; };
		04A5496519B45C060050067D /* Icon-Small.png in Resources */ = {isa = PBXBuildFile; fileRef = 04A5495719B45C060050067D /* Icon-Small.png */; };
		04A5496619B45C060050067D /* Icon-Small@2x.png in Resources */ = {isa = PBXBuildFile; fileRef = 04A5495819B45C060050067D /* Icon-Small@2x.png */; };
		04A5496719B45C060050067D /* Icon.png in Resources */ = {isa = PBXBuildFile; fileRef = 04A5495919B45C060050067D /* Icon.png */; };
		04A5496819B45C060050067D /* Icon@2x.png in Resources */ = {isa = PBXBuildFile; fileRef = 04A5495A19B45C060050067D /* Icon@2x.png */; };
		04A5496C19B45CAB0050067D /* Default.png in Resources */ = {isa = PBXBuildFile; fileRef = 04A5496919B45CAB0050067D /* Default.png */; };
		04A5496D19B45CAB0050067D /* Default~iphone.png in Resources */ = {isa = PBXBuildFile; fileRef = 04A5496A19B45CAB0050067D /* Default~iphone.png */; };
		04A5496E19B45CAB0050067D /* Default-568h@2x.png in Resources */ = {isa = PBXBuildFile; fileRef = 04A5496B19B45CAB0050067D /* Default-568h@2x.png */; };
/* End PBXBuildFile section */

/* Begin PBXContainerItemProxy section */
		04A5490719B458F90050067D /* PBXContainerItemProxy */ = {
			isa = PBXContainerItemProxy;
			containerPortal = 04A548D919B458F90050067D /* Project object */;
			proxyType = 1;
			remoteGlobalIDString = 04A548E019B458F90050067D;
			remoteInfo = ColourMemory;
		};
/* End PBXContainerItemProxy section */

/* Begin PBXFileReference section */
		04A548E119B458F90050067D /* ColourMemory.app */ = {isa = PBXFileReference; explicitFileType = wrapper.application; includeInIndex = 0; path = ColourMemory.app; sourceTree = BUILT_PRODUCTS_DIR; };
		04A548E419B458F90050067D /* Foundation.framework */ = {isa = PBXFileReference; lastKnownFileType = wrapper.framework; name = Foundation.framework; path = System/Library/Frameworks/Foundation.framework; sourceTree = SDKROOT; };
		04A548E619B458F90050067D /* CoreGraphics.framework */ = {isa = PBXFileReference; lastKnownFileType = wrapper.framework; name = CoreGraphics.framework; path = System/Library/Frameworks/CoreGraphics.framework; sourceTree = SDKROOT; };
		04A548E819B458F90050067D /* UIKit.framework */ = {isa = PBXFileReference; lastKnownFileType = wrapper.framework; name = UIKit.framework; path = System/Library/Frameworks/UIKit.framework; sourceTree = SDKROOT; };
		04A548EC19B458F90050067D /* ColourMemory-Info.plist */ = {isa = PBXFileReference; lastKnownFileType = text.plist.xml; path = "ColourMemory-Info.plist"; sourceTree = "<group>"; };
		04A548EE19B458F90050067D /* en */ = {isa = PBXFileReference; lastKnownFileType = text.plist.strings; name = en; path = en.lproj/InfoPlist.strings; sourceTree = "<group>"; };
		04A548F019B458F90050067D /* main.m */ = {isa = PBXFileReference; lastKnownFileType = sourcecode.c.objc; path = main.m; sourceTree = "<group>"; };
		04A548F219B458F90050067D /* ColourMemory-Prefix.pch */ = {isa = PBXFileReference; lastKnownFileType = sourcecode.c.h; path = "ColourMemory-Prefix.pch"; sourceTree = "<group>"; };
		04A548F319B458F90050067D /* AppDelegate.h */ = {isa = PBXFileReference; lastKnownFileType = sourcecode.c.h; path = AppDelegate.h; sourceTree = "<group>"; };
		04A548F419B458F90050067D /* AppDelegate.m */ = {isa = PBXFileReference; lastKnownFileType = sourcecode.c.objc; path = AppDelegate.m; sourceTree = "<group>"; };
		04A548F719B458F90050067D /* Base */ = {isa = PBXFileReference; lastKnownFileType = file.storyboard; name = Base; path = Base.lproj/Main.storyboard; sourceTree = "<group>"; };
		04A548F919B458F90050067D /* ViewController.h */ = {isa = PBXFileReference; lastKnownFileType = sourcecode.c.h; path = ViewController.h; sourceTree = "<group>"; };
		04A548FA19B458F90050067D /* ViewController.m */ = {isa = PBXFileReference; lastKnownFileType = sourcecode.c.objc; path = ViewController.m; sourceTree = "<group>"; };
		04A548FC19B458F90050067D /* Images.xcassets */ = {isa = PBXFileReference; lastKnownFileType = folder.assetcatalog; path = Images.xcassets; sourceTree = "<group>"; };
		04A5490219B458F90050067D /* ColourMemoryTests.xctest */ = {isa = PBXFileReference; explicitFileType = wrapper.cfbundle; includeInIndex = 0; path = ColourMemoryTests.xctest; sourceTree = BUILT_PRODUCTS_DIR; };
		04A5490319B458F90050067D /* XCTest.framework */ = {isa = PBXFileReference; lastKnownFileType = wrapper.framework; name = XCTest.framework; path = Library/Frameworks/XCTest.framework; sourceTree = DEVELOPER_DIR; };
		04A5490B19B458F90050067D /* ColourMemoryTests-Info.plist */ = {isa = PBXFileReference; lastKnownFileType = text.plist.xml; path = "ColourMemoryTests-Info.plist"; sourceTree = "<group>"; };
		04A5490D19B458F90050067D /* en */ = {isa = PBXFileReference; lastKnownFileType = text.plist.strings; name = en; path = en.lproj/InfoPlist.strings; sourceTree = "<group>"; };
		04A5490F19B458F90050067D /* ColourMemoryTests.m */ = {isa = PBXFileReference; lastKnownFileType = sourcecode.c.objc; path = ColourMemoryTests.m; sourceTree = "<group>"; };
		04A5491A19B459D10050067D /* card_bg@2x.png */ = {isa = PBXFileReference; lastKnownFileType = image.png; path = "card_bg@2x.png"; sourceTree = "<group>"; };
		04A5491B19B459D10050067D /* colour1@2x.png */ = {isa = PBXFileReference; lastKnownFileType = image.png; path = "colour1@2x.png"; sourceTree = "<group>"; };
		04A5491C19B459D10050067D /* colour2@2x.png */ = {isa = PBXFileReference; lastKnownFileType = image.png; path = "colour2@2x.png"; sourceTree = "<group>"; };
		04A5491D19B459D10050067D /* colour3@2x.png */ = {isa = PBXFileReference; lastKnownFileType = image.png; path = "colour3@2x.png"; sourceTree = "<group>"; };
		04A5491E19B459D10050067D /* colour4@2x.png */ = {isa = PBXFileReference; lastKnownFileType = image.png; path = "colour4@2x.png"; sourceTree = "<group>"; };
		04A5491F19B459D10050067D /* colour5@2x.png */ = {isa = PBXFileReference; lastKnownFileType = image.png; path = "colour5@2x.png"; sourceTree = "<group>"; };
		04A5492019B459D10050067D /* colour6@2x.png */ = {isa = PBXFileReference; lastKnownFileType = image.png; path = "colour6@2x.png"; sourceTree = "<group>"; };
		04A5492119B459D10050067D /* colour7@2x.png */ = {isa = PBXFileReference; lastKnownFileType = image.png; path = "colour7@2x.png"; sourceTree = "<group>"; };
		04A5492219B459D10050067D /* colour8@2x.png */ = {isa = PBXFileReference; lastKnownFileType = image.png; path = "colour8@2x.png"; sourceTree = "<group>"; };
		04A5492C19B459D80050067D /* card_bg.png */ = {isa = PBXFileReference; lastKnownFileType = image.png; path = card_bg.png; sourceTree = "<group>"; };
		04A5492D19B459D80050067D /* colour1.png */ = {isa = PBXFileReference; lastKnownFileType = image.png; path = colour1.png; sourceTree = "<group>"; };
		04A5492E19B459D80050067D /* colour2.png */ = {isa = PBXFileReference; lastKnownFileType = image.png; path = colour2.png; sourceTree = "<group>"; };
		04A5492F19B459D80050067D /* colour3.png */ = {isa = PBXFileReference; lastKnownFileType = image.png; path = colour3.png; sourceTree = "<group>"; };
		04A5493019B459D80050067D /* colour4.png */ = {isa = PBXFileReference; lastKnownFileType = image.png; path = colour4.png; sourceTree = "<group>"; };
		04A5493119B459D80050067D /* colour5.png */ = {isa = PBXFileReference; lastKnownFileType = image.png; path = colour5.png; sourceTree = "<group>"; };
		04A5493219B459D80050067D /* colour6.png */ = {isa = PBXFileReference; lastKnownFileType = image.png; path = colour6.png; sourceTree = "<group>"; };
		04A5493319B459D80050067D /* colour7.png */ = {isa = PBXFileReference; lastKnownFileType = image.png; path = colour7.png; sourceTree = "<group>"; };
		04A5493419B459D80050067D /* colour8.png */ = {isa = PBXFileReference; lastKnownFileType = image.png; path = colour8.png; sourceTree = "<group>"; };
		04A5494D19B45C060050067D /* Icon-40.png */ = {isa = PBXFileReference; lastKnownFileType = image.png; path = "Icon-40.png"; sourceTree = "<group>"; };
		04A5494E19B45C060050067D /* Icon-40@2x.png */ = {isa = PBXFileReference; lastKnownFileType = image.png; path = "Icon-40@2x.png"; sourceTree = "<group>"; };
		04A5494F19B45C060050067D /* Icon-60.png */ = {isa = PBXFileReference; lastKnownFileType = image.png; path = "Icon-60.png"; sourceTree = "<group>"; };
		04A5495019B45C060050067D /* Icon-60@2x.png */ = {isa = PBXFileReference; lastKnownFileType = image.png; path = "Icon-60@2x.png"; sourceTree = "<group>"; };
		04A5495119B45C060050067D /* Icon-72.png */ = {isa = PBXFileReference; lastKnownFileType = image.png; path = "Icon-72.png"; sourceTree = "<group>"; };
		04A5495219B45C060050067D /* Icon-72@2x.png */ = {isa = PBXFileReference; lastKnownFileType = image.png; path = "Icon-72@2x.png"; sourceTree = "<group>"; };
		04A5495319B45C060050067D /* Icon-76.png */ = {isa = PBXFileReference; lastKnownFileType = image.png; path = "Icon-76.png"; sourceTree = "<group>"; };
		04A5495419B45C060050067D /* Icon-76@2x.png */ = {isa = PBXFileReference; lastKnownFileType = image.png; path = "Icon-76@2x.png"; sourceTree = "<group>"; };
		04A5495519B45C060050067D /* Icon-Small-50.png */ = {isa = PBXFileReference; lastKnownFileType = image.png; path = "Icon-Small-50.png"; sourceTree = "<group>"; };
		04A5495619B45C060050067D /* Icon-Small-50@2x.png */ = {isa = PBXFileReference; lastKnownFileType = image.png; path = "Icon-Small-50@2x.png"; sourceTree = "<group>"; };
		04A5495719B45C060050067D /* Icon-Small.png */ = {isa = PBXFileReference; lastKnownFileType = image.png; path = "Icon-Small.png"; sourceTree = "<group>"; };
		04A5495819B45C060050067D /* Icon-Small@2x.png */ = {isa = PBXFileReference; lastKnownFileType = image.png; path = "Icon-Small@2x.png"; sourceTree = "<group>"; };
		04A5495919B45C060050067D /* Icon.png */ = {isa = PBXFileReference; lastKnownFileType = image.png; path = Icon.png; sourceTree = "<group>"; };
		04A5495A19B45C060050067D /* Icon@2x.png */ = {isa = PBXFileReference; lastKnownFileType = image.png; path = "Icon@2x.png"; sourceTree = "<group>"; };
		04A5496919B45CAB0050067D /* Default.png */ = {isa = PBXFileReference; lastKnownFileType = image.png; path = Default.png; sourceTree = "<group>"; };
		04A5496A19B45CAB0050067D /* Default~iphone.png */ = {isa = PBXFileReference; lastKnownFileType = image.png; path = "Default~iphone.png"; sourceTree = "<group>"; };
		04A5496B19B45CAB0050067D /* Default-568h@2x.png */ = {isa = PBXFileReference; lastKnownFileType = image.png; path = "Default-568h@2x.png"; sourceTree = "<group>"; };
/* End PBXFileReference section */

/* Begin PBXFrameworksBuildPhase section */
		04A548DE19B458F90050067D /* Frameworks */ = {
			isa = PBXFrameworksBuildPhase;
			buildActionMask = 2147483647;
			files = (
				04A548E719B458F90050067D /* CoreGraphics.framework in Frameworks */,
				04A548E919B458F90050067D /* UIKit.framework in Frameworks */,
				04A548E519B458F90050067D /* Foundation.framework in Frameworks */,
			);
			runOnlyForDeploymentPostprocessing = 0;
		};
		04A548FF19B458F90050067D /* Frameworks */ = {
			isa = PBXFrameworksBuildPhase;
			buildActionMask = 2147483647;
			files = (
				04A5490419B458F90050067D /* XCTest.framework in Frameworks */,
				04A5490619B458F90050067D /* UIKit.framework in Frameworks */,
				04A5490519B458F90050067D /* Foundation.framework in Frameworks */,
			);
			runOnlyForDeploymentPostprocessing = 0;
		};
/* End PBXFrameworksBuildPhase section */

/* Begin PBXGroup section */
		04A548D819B458F90050067D = {
			isa = PBXGroup;
			children = (
				04A548EA19B458F90050067D /* ColourMemory */,
				04A5490919B458F90050067D /* ColourMemoryTests */,
				04A548E319B458F90050067D /* Frameworks */,
				04A548E219B458F90050067D /* Products */,
			);
			sourceTree = "<group>";
		};
		04A548E219B458F90050067D /* Products */ = {
			isa = PBXGroup;
			children = (
				04A548E119B458F90050067D /* ColourMemory.app */,
				04A5490219B458F90050067D /* ColourMemoryTests.xctest */,
			);
			name = Products;
			sourceTree = "<group>";
		};
		04A548E319B458F90050067D /* Frameworks */ = {
			isa = PBXGroup;
			children = (
				04A548E419B458F90050067D /* Foundation.framework */,
				04A548E619B458F90050067D /* CoreGraphics.framework */,
				04A548E819B458F90050067D /* UIKit.framework */,
				04A5490319B458F90050067D /* XCTest.framework */,
			);
			name = Frameworks;
			sourceTree = "<group>";
		};
		04A548EA19B458F90050067D /* ColourMemory */ = {
			isa = PBXGroup;
			children = (
				04A5491919B459C20050067D /* Assets */,
				04A548F319B458F90050067D /* AppDelegate.h */,
				04A548F419B458F90050067D /* AppDelegate.m */,
				04A548F619B458F90050067D /* Main.storyboard */,
				04A548F919B458F90050067D /* ViewController.h */,
				04A548FA19B458F90050067D /* ViewController.m */,
				04A548FC19B458F90050067D /* Images.xcassets */,
				04A548EB19B458F90050067D /* Supporting Files */,
			);
			path = ColourMemory;
			sourceTree = "<group>";
		};
		04A548EB19B458F90050067D /* Supporting Files */ = {
			isa = PBXGroup;
			children = (
				04A548EC19B458F90050067D /* ColourMemory-Info.plist */,
				04A548ED19B458F90050067D /* InfoPlist.strings */,
				04A548F019B458F90050067D /* main.m */,
				04A548F219B458F90050067D /* ColourMemory-Prefix.pch */,
			);
			name = "Supporting Files";
			sourceTree = "<group>";
		};
		04A5490919B458F90050067D /* ColourMemoryTests */ = {
			isa = PBXGroup;
			children = (
				04A5490F19B458F90050067D /* ColourMemoryTests.m */,
				04A5490A19B458F90050067D /* Supporting Files */,
			);
			path = ColourMemoryTests;
			sourceTree = "<group>";
		};
		04A5490A19B458F90050067D /* Supporting Files */ = {
			isa = PBXGroup;
			children = (
				04A5490B19B458F90050067D /* ColourMemoryTests-Info.plist */,
				04A5490C19B458F90050067D /* InfoPlist.strings */,
			);
			name = "Supporting Files";
			sourceTree = "<group>";
		};
		04A5491919B459C20050067D /* Assets */ = {
			isa = PBXGroup;
			children = (
				04A5496F19B45CCA0050067D /* Icons */,
				04A5492C19B459D80050067D /* card_bg.png */,
				04A5492D19B459D80050067D /* colour1.png */,
				04A5492E19B459D80050067D /* colour2.png */,
				04A5492F19B459D80050067D /* colour3.png */,
				04A5493019B459D80050067D /* colour4.png */,
				04A5493119B459D80050067D /* colour5.png */,
				04A5493219B459D80050067D /* colour6.png */,
				04A5493319B459D80050067D /* colour7.png */,
				04A5493419B459D80050067D /* colour8.png */,
				04A5491A19B459D10050067D /* card_bg@2x.png */,
				04A5491B19B459D10050067D /* colour1@2x.png */,
				04A5491C19B459D10050067D /* colour2@2x.png */,
				04A5491D19B459D10050067D /* colour3@2x.png */,
				04A5491E19B459D10050067D /* colour4@2x.png */,
				04A5491F19B459D10050067D /* colour5@2x.png */,
				04A5492019B459D10050067D /* colour6@2x.png */,
				04A5492119B459D10050067D /* colour7@2x.png */,
				04A5492219B459D10050067D /* colour8@2x.png */,
			);
			name = Assets;
			sourceTree = "<group>";
		};
		04A5496F19B45CCA0050067D /* Icons */ = {
			isa = PBXGroup;
			children = (
				04A5496919B45CAB0050067D /* Default.png */,
				04A5496A19B45CAB0050067D /* Default~iphone.png */,
				04A5496B19B45CAB0050067D /* Default-568h@2x.png */,
				04A5494D19B45C060050067D /* Icon-40.png */,
				04A5494E19B45C060050067D /* Icon-40@2x.png */,
				04A5494F19B45C060050067D /* Icon-60.png */,
				04A5495019B45C060050067D /* Icon-60@2x.png */,
				04A5495119B45C060050067D /* Icon-72.png */,
				04A5495219B45C060050067D /* Icon-72@2x.png */,
				04A5495319B45C060050067D /* Icon-76.png */,
				04A5495419B45C060050067D /* Icon-76@2x.png */,
				04A5495519B45C060050067D /* Icon-Small-50.png */,
				04A5495619B45C060050067D /* Icon-Small-50@2x.png */,
				04A5495719B45C060050067D /* Icon-Small.png */,
				04A5495819B45C060050067D /* Icon-Small@2x.png */,
				04A5495919B45C060050067D /* Icon.png */,
				04A5495A19B45C060050067D /* Icon@2x.png */,
			);
			name = Icons;
			sourceTree = "<group>";
		};
/* End PBXGroup section */

/* Begin PBXNativeTarget section */
		04A548E019B458F90050067D /* ColourMemory */ = {
			isa = PBXNativeTarget;
			buildConfigurationList = 04A5491319B458F90050067D /* Build configuration list for PBXNativeTarget "ColourMemory" */;
			buildPhases = (
				04A548DD19B458F90050067D /* Sources */,
				04A548DE19B458F90050067D /* Frameworks */,
				04A548DF19B458F90050067D /* Resources */,
			);
			buildRules = (
			);
			dependencies = (
			);
			name = ColourMemory;
			productName = ColourMemory;
			productReference = 04A548E119B458F90050067D /* ColourMemory.app */;
			productType = "com.apple.product-type.application";
		};
		04A5490119B458F90050067D /* ColourMemoryTests */ = {
			isa = PBXNativeTarget;
			buildConfigurationList = 04A5491619B458F90050067D /* Build configuration list for PBXNativeTarget "ColourMemoryTests" */;
			buildPhases = (
				04A548FE19B458F90050067D /* Sources */,
				04A548FF19B458F90050067D /* Frameworks */,
				04A5490019B458F90050067D /* Resources */,
			);
			buildRules = (
			);
			dependencies = (
				04A5490819B458F90050067D /* PBXTargetDependency */,
			);
			name = ColourMemoryTests;
			productName = ColourMemoryTests;
			productReference = 04A5490219B458F90050067D /* ColourMemoryTests.xctest */;
			productType = "com.apple.product-type.bundle.unit-test";
		};
/* End PBXNativeTarget section */

/* Begin PBXProject section */
		04A548D919B458F90050067D /* Project object */ = {
			isa = PBXProject;
			attributes = {
				LastUpgradeCheck = 0510;
				ORGANIZATIONNAME = "Osama Rabie";
				TargetAttributes = {
					04A5490119B458F90050067D = {
						TestTargetID = 04A548E019B458F90050067D;
					};
				};
			};
			buildConfigurationList = 04A548DC19B458F90050067D /* Build configuration list for PBXProject "ColourMemory" */;
			compatibilityVersion = "Xcode 3.2";
			developmentRegion = English;
			hasScannedForEncodings = 0;
			knownRegions = (
				en,
				Base,
			);
			mainGroup = 04A548D819B458F90050067D;
			productRefGroup = 04A548E219B458F90050067D /* Products */;
			projectDirPath = "";
			projectRoot = "";
			targets = (
				04A548E019B458F90050067D /* ColourMemory */,
				04A5490119B458F90050067D /* ColourMemoryTests */,
			);
		};
/* End PBXProject section */

/* Begin PBXResourcesBuildPhase section */
		04A548DF19B458F90050067D /* Resources */ = {
			isa = PBXResourcesBuildPhase;
			buildActionMask = 2147483647;
			files = (
				04A5496719B45C060050067D /* Icon.png in Resources */,
				04A5493D19B459D80050067D /* colour8.png in Resources */,
				04A5492619B459D10050067D /* colour3@2x.png in Resources */,
				04A5496019B45C060050067D /* Icon-72@2x.png in Resources */,
				04A5495D19B45C060050067D /* Icon-60.png in Resources */,
				04A5492419B459D10050067D /* colour1@2x.png in Resources */,
				04A5495C19B45C060050067D /* Icon-40@2x.png in Resources */,
				04A5496D19B45CAB0050067D /* Default~iphone.png in Resources */,
				04A548FD19B458F90050067D /* Images.xcassets in Resources */,
				04A5495E19B45C060050067D /* Icon-60@2x.png in Resources */,
				04A5496819B45C060050067D /* Icon@2x.png in Resources */,
				04A5493A19B459D80050067D /* colour5.png in Resources */,
				04A5493719B459D80050067D /* colour2.png in Resources */,
				04A5496219B45C060050067D /* Icon-76@2x.png in Resources */,
				04A5495F19B45C060050067D /* Icon-72.png in Resources */,
				04A5492719B459D10050067D /* colour4@2x.png in Resources */,
				04A5493819B459D80050067D /* colour3.png in Resources */,
				04A5492319B459D10050067D /* card_bg@2x.png in Resources */,
				04A5492919B459D10050067D /* colour6@2x.png in Resources */,
				04A5496519B45C060050067D /* Icon-Small.png in Resources */,
				04A548EF19B458F90050067D /* InfoPlist.strings in Resources */,
				04A5493619B459D80050067D /* colour1.png in Resources */,
				04A5496119B45C060050067D /* Icon-76.png in Resources */,
				04A5496C19B45CAB0050067D /* Default.png in Resources */,
				04A5492A19B459D10050067D /* colour7@2x.png in Resources */,
				04A5496619B45C060050067D /* Icon-Small@2x.png in Resources */,
				04A5493519B459D80050067D /* card_bg.png in Resources */,
				04A5493C19B459D80050067D /* colour7.png in Resources */,
				04A548F819B458F90050067D /* Main.storyboard in Resources */,
				04A5492519B459D10050067D /* colour2@2x.png in Resources */,
				04A5492819B459D10050067D /* colour5@2x.png in Resources */,
				04A5493B19B459D80050067D /* colour6.png in Resources */,
				04A5493919B459D80050067D /* colour4.png in Resources */,
				04A5496E19B45CAB0050067D /* Default-568h@2x.png in Resources */,
				04A5496419B45C060050067D /* Icon-Small-50@2x.png in Resources */,
				04A5496319B45C060050067D /* Icon-Small-50.png in Resources */,
				04A5495B19B45C060050067D /* Icon-40.png in Resources */,
				04A5492B19B459D10050067D /* colour8@2x.png in Resources */,
			);
			runOnlyForDeploymentPostprocessing = 0;
		};
		04A5490019B458F90050067D /* Resources */ = {
			isa = PBXResourcesBuildPhase;
			buildActionMask = 2147483647;
			files = (
				04A5490E19B458F90050067D /* InfoPlist.strings in Resources */,
			);
			runOnlyForDeploymentPostprocessing = 0;
		};
/* End PBXResourcesBuildPhase section */

/* Begin PBXSourcesBuildPhase section */
		04A548DD19B458F90050067D /* Sources */ = {
			isa = PBXSourcesBuildPhase;
			buildActionMask = 2147483647;
			files = (
				04A548FB19B458F90050067D /* ViewController.m in Sources */,
				04A548F519B458F90050067D /* AppDelegate.m in Sources */,
				04A548F119B458F90050067D /* main.m in Sources */,
			);
			runOnlyForDeploymentPostprocessing = 0;
		};
		04A548FE19B458F90050067D /* Sources */ = {
			isa = PBXSourcesBuildPhase;
			buildActionMask = 2147483647;
			files = (
				04A5491019B458F90050067D /* ColourMemoryTests.m in Sources */,
			);
			runOnlyForDeploymentPostprocessing = 0;
		};
/* End PBXSourcesBuildPhase section */

/* Begin PBXTargetDependency section */
		04A5490819B458F90050067D /* PBXTargetDependency */ = {
			isa = PBXTargetDependency;
			target = 04A548E019B458F90050067D /* ColourMemory */;
			targetProxy = 04A5490719B458F90050067D /* PBXContainerItemProxy */;
		};
/* End PBXTargetDependency section */

/* Begin PBXVariantGroup section */
		04A548ED19B458F90050067D /* InfoPlist.strings */ = {
			isa = PBXVariantGroup;
			children = (
				04A548EE19B458F90050067D /* en */,
			);
			name = InfoPlist.strings;
			sourceTree = "<group>";
		};
		04A548F619B458F90050067D /* Main.storyboard */ = {
			isa = PBXVariantGroup;
			children = (
				04A548F719B458F90050067D /* Base */,
			);
			name = Main.storyboard;
			sourceTree = "<group>";
		};
		04A5490C19B458F90050067D /* InfoPlist.strings */ = {
			isa = PBXVariantGroup;
			children = (
				04A5490D19B458F90050067D /* en */,
			);
			name = InfoPlist.strings;
			sourceTree = "<group>";
		};
/* End PBXVariantGroup section */

/* Begin XCBuildConfiguration section */
		04A5491119B458F90050067D /* Debug */ = {
			isa = XCBuildConfiguration;
			buildSettings = {
				ALWAYS_SEARCH_USER_PATHS = NO;
				CLANG_CXX_LANGUAGE_STANDARD = "gnu++0x";
				CLANG_CXX_LIBRARY = "libc++";
				CLANG_ENABLE_MODULES = YES;
				CLANG_ENABLE_OBJC_ARC = YES;
				CLANG_WARN_BOOL_CONVERSION = YES;
				CLANG_WARN_CONSTANT_CONVERSION = YES;
				CLANG_WARN_DIRECT_OBJC_ISA_USAGE = YES_ERROR;
				CLANG_WARN_EMPTY_BODY = YES;
				CLANG_WARN_ENUM_CONVERSION = YES;
				CLANG_WARN_INT_CONVERSION = YES;
				CLANG_WARN_OBJC_ROOT_CLASS = YES_ERROR;
				CLANG_WARN__DUPLICATE_METHOD_MATCH = YES;
				"CODE_SIGN_IDENTITY[sdk=iphoneos*]" = "iPhone Developer";
				COPY_PHASE_STRIP = NO;
				GCC_C_LANGUAGE_STANDARD = gnu99;
				GCC_DYNAMIC_NO_PIC = NO;
				GCC_OPTIMIZATION_LEVEL = 0;
				GCC_PREPROCESSOR_DEFINITIONS = (
					"DEBUG=1",
					"$(inherited)",
				);
				GCC_SYMBOLS_PRIVATE_EXTERN = NO;
				GCC_WARN_64_TO_32_BIT_CONVERSION = YES;
				GCC_WARN_ABOUT_RETURN_TYPE = YES_ERROR;
				GCC_WARN_UNDECLARED_SELECTOR = YES;
				GCC_WARN_UNINITIALIZED_AUTOS = YES_AGGRESSIVE;
				GCC_WARN_UNUSED_FUNCTION = YES;
				GCC_WARN_UNUSED_VARIABLE = YES;
				IPHONEOS_DEPLOYMENT_TARGET = 6.0;
				ONLY_ACTIVE_ARCH = YES;
				SDKROOT = iphoneos;
			};
			name = Debug;
		};
		04A5491219B458F90050067D /* Release */ = {
			isa = XCBuildConfiguration;
			buildSettings = {
				ALWAYS_SEARCH_USER_PATHS = NO;
				CLANG_CXX_LANGUAGE_STANDARD = "gnu++0x";
				CLANG_CXX_LIBRARY = "libc++";
				CLANG_ENABLE_MODULES = YES;
				CLANG_ENABLE_OBJC_ARC = YES;
				CLANG_WARN_BOOL_CONVERSION = YES;
				CLANG_WARN_CONSTANT_CONVERSION = YES;
				CLANG_WARN_DIRECT_OBJC_ISA_USAGE = YES_ERROR;
				CLANG_WARN_EMPTY_BODY = YES;
				CLANG_WARN_ENUM_CONVERSION = YES;
				CLANG_WARN_INT_CONVERSION = YES;
				CLANG_WARN_OBJC_ROOT_CLASS = YES_ERROR;
				CLANG_WARN__DUPLICATE_METHOD_MATCH = YES;
				"CODE_SIGN_IDENTITY[sdk=iphoneos*]" = "iPhone Developer";
				COPY_PHASE_STRIP = YES;
				ENABLE_NS_ASSERTIONS = NO;
				GCC_C_LANGUAGE_STANDARD = gnu99;
				GCC_WARN_64_TO_32_BIT_CONVERSION = YES;
				GCC_WARN_ABOUT_RETURN_TYPE = YES_ERROR;
				GCC_WARN_UNDECLARED_SELECTOR = YES;
				GCC_WARN_UNINITIALIZED_AUTOS = YES_AGGRESSIVE;
				GCC_WARN_UNUSED_FUNCTION = YES;
				GCC_WARN_UNUSED_VARIABLE = YES;
				IPHONEOS_DEPLOYMENT_TARGET = 6.0;
				SDKROOT = iphoneos;
				VALIDATE_PRODUCT = YES;
			};
			name = Release;
		};
		04A5491419B458F90050067D /* Debug */ = {
			isa = XCBuildConfiguration;
			buildSettings = {
				GCC_PRECOMPILE_PREFIX_HEADER = YES;
				GCC_PREFIX_HEADER = "ColourMemory/ColourMemory-Prefix.pch";
				INFOPLIST_FILE = "ColourMemory/ColourMemory-Info.plist";
				IPHONEOS_DEPLOYMENT_TARGET = 6.0;
				PRODUCT_NAME = "$(TARGET_NAME)";
				WRAPPER_EXTENSION = app;
			};
			name = Debug;
		};
		04A5491519B458F90050067D /* Release */ = {
			isa = XCBuildConfiguration;
			buildSettings = {
				GCC_PRECOMPILE_PREFIX_HEADER = YES;
				GCC_PREFIX_HEADER = "ColourMemory/ColourMemory-Prefix.pch";
				INFOPLIST_FILE = "ColourMemory/ColourMemory-Info.plist";
				IPHONEOS_DEPLOYMENT_TARGET = 6.0;
				PRODUCT_NAME = "$(TARGET_NAME)";
				WRAPPER_EXTENSION = app;
			};
			name = Release;
		};
		04A5491719B458F90050067D /* Debug */ = {
			isa = XCBuildConfiguration;
			buildSettings = {
				BUNDLE_LOADER = "$(BUILT_PRODUCTS_DIR)/ColourMemory.app/ColourMemory";
				FRAMEWORK_SEARCH_PATHS = (
					"$(SDKROOT)/Developer/Library/Frameworks",
					"$(inherited)",
					"$(DEVELOPER_FRAMEWORKS_DIR)",
				);
				GCC_PRECOMPILE_PREFIX_HEADER = YES;
				GCC_PREFIX_HEADER = "ColourMemory/ColourMemory-Prefix.pch";
				GCC_PREPROCESSOR_DEFINITIONS = (
					"DEBUG=1",
					"$(inherited)",
				);
				INFOPLIST_FILE = "ColourMemoryTests/ColourMemoryTests-Info.plist";
				PRODUCT_NAME = "$(TARGET_NAME)";
				TEST_HOST = "$(BUNDLE_LOADER)";
				WRAPPER_EXTENSION = xctest;
			};
			name = Debug;
		};
		04A5491819B458F90050067D /* Release */ = {
			isa = XCBuildConfiguration;
			buildSettings = {
				BUNDLE_LOADER = "$(BUILT_PRODUCTS_DIR)/ColourMemory.app/ColourMemory";
				FRAMEWORK_SEARCH_PATHS = (
					"$(SDKROOT)/Developer/Library/Frameworks",
					"$(inherited)",
					"$(DEVELOPER_FRAMEWORKS_DIR)",
				);
				GCC_PRECOMPILE_PREFIX_HEADER = YES;
				GCC_PREFIX_HEADER = "ColourMemory/ColourMemory-Prefix.pch";
				INFOPLIST_FILE = "ColourMemoryTests/ColourMemoryTests-Info.plist";
				PRODUCT_NAME = "$(TARGET_NAME)";
				TEST_HOST = "$(BUNDLE_LOADER)";
				WRAPPER_EXTENSION = xctest;
			};
			name = Release;
		};
/* End XCBuildConfiguration section */

/* Begin XCConfigurationList section */
		04A548DC19B458F90050067D /* Build configuration list for PBXProject "ColourMemory" */ = {
			isa = XCConfigurationList;
			buildConfigurations = (
				04A5491119B458F90050067D /* Debug */,
				04A5491219B458F90050067D /* Release */,
			);
			defaultConfigurationIsVisible = 0;
			defaultConfigurationName = Release;
		};
		04A5491319B458F90050067D /* Build configuration list for PBXNativeTarget "ColourMemory" */ = {
			isa = XCConfigurationList;
			buildConfigurations = (
				04A5491419B458F90050067D /* Debug */,
				04A5491519B458F90050067D /* Release */,
			);
			defaultConfigurationIsVisible = 0;
		};
		04A5491619B458F90050067D /* Build configuration list for PBXNativeTarget "ColourMemoryTests" */ = {
			isa = XCConfigurationList;
			buildConfigurations = (
				04A5491719B458F90050067D /* Debug */,
				04A5491819B458F90050067D /* Release */,
			);
			defaultConfigurationIsVisible = 0;
		};
/* End XCConfigurationList section */
	};
	rootObject = 04A548D919B458F90050067D /* Project object */;
}
